{
  "format": 3,
  "dependencies": [
    {
      "name": "tokio",
      "version": "1.47.1",
      "members": [
        [
          "/deps/tokio",
          "spawn"
        ],
        [
          "/deps/tokio/net/addr/sealed",
          "Internal"
        ],
        [
          "/deps/tokio/runtime",
          "Builder"
        ],
        [
          "/deps/tokio/runtime",
          "Builder.build"
        ],
        [
          "/deps/tokio/runtime",
          "Builder.enable_all"
        ],
        [
          "/deps/tokio/runtime",
          "Builder.event_interval"
        ],
        [
          "/deps/tokio/runtime",
          "Builder.global_queue_interval"
        ],
        [
          "/deps/tokio/runtime",
          "Builder.max_blocking_threads"
        ],
        [
          "/deps/tokio/runtime",
          "Builder.on_thread_park"
        ],
        [
          "/deps/tokio/runtime",
          "Builder.on_thread_start"
        ],
        [
          "/deps/tokio/runtime",
          "Builder.on_thread_stop"
        ],
        [
          "/deps/tokio/runtime",
          "Builder.on_thread_unpark"
        ],
        [
          "/deps/tokio/runtime",
          "Builder.thread_keep_alive"
        ],
        [
          "/deps/tokio/runtime",
          "Builder.thread_name_fn"
        ],
        [
          "/deps/tokio/runtime",
          "Builder.thread_stack_size"
        ],
        [
          "/deps/tokio/runtime",
          "Builder.worker_threads"
        ],
        [
          "/deps/tokio/runtime",
          "Builder::new_current_thread"
        ],
        [
          "/deps/tokio/runtime",
          "Builder::new_multi_thread"
        ],
        [
          "/deps/tokio/runtime",
          "Handle"
        ],
        [
          "/deps/tokio/runtime",
          "Handle.block_on"
        ],
        [
          "/deps/tokio/runtime",
          "Handle.metrics"
        ],
        [
          "/deps/tokio/runtime",
          "Handle.runtime_flavor"
        ],
        [
          "/deps/tokio/runtime",
          "Handle.spawn"
        ],
        [
          "/deps/tokio/runtime",
          "Handle::current"
        ],
        [
          "/deps/tokio/runtime",
          "Handle::try_current"
        ],
        [
          "/deps/tokio/runtime",
          "Runtime"
        ],
        [
          "/deps/tokio/runtime",
          "Runtime.block_on"
        ],
        [
          "/deps/tokio/runtime",
          "Runtime.handle"
        ],
        [
          "/deps/tokio/runtime",
          "Runtime.metrics"
        ],
        [
          "/deps/tokio/runtime",
          "Runtime.shutdown_background"
        ],
        [
          "/deps/tokio/runtime",
          "Runtime.shutdown_timeout"
        ],
        [
          "/deps/tokio/runtime",
          "Runtime.spawn"
        ],
        [
          "/deps/tokio/runtime",
          "Runtime::new"
        ],
        [
          "/deps/tokio/runtime",
          "RuntimeFlavor"
        ],
        [
          "/deps/tokio/runtime",
          "RuntimeMetrics"
        ],
        [
          "/deps/tokio/runtime",
          "RuntimeMetrics.global_queue_depth"
        ],
        [
          "/deps/tokio/runtime",
          "RuntimeMetrics.num_alive_tasks"
        ],
        [
          "/deps/tokio/runtime",
          "RuntimeMetrics.num_workers"
        ],
        [
          "/deps/tokio/runtime",
          "RuntimeMetrics.worker_park_count"
        ],
        [
          "/deps/tokio/runtime",
          "RuntimeMetrics.worker_park_unpark_count"
        ],
        [
          "/deps/tokio/runtime",
          "RuntimeMetrics.worker_total_busy_duration"
        ],
        [
          "/deps/tokio/runtime",
          "TryCurrentError"
        ],
        [
          "/deps/tokio/runtime",
          "TryCurrentError.is_missing_context"
        ],
        [
          "/deps/tokio/runtime",
          "TryCurrentError.is_thread_local_destroyed"
        ],
        [
          "/deps/tokio/runtime/handle",
          "clone"
        ],
        [
          "/deps/tokio/runtime/runtime",
          "drop"
        ],
        [
          "/deps/tokio/runtime/runtimemetrics",
          "clone"
        ],
        [
          "/deps/tokio/task",
          "AbortHandle"
        ],
        [
          "/deps/tokio/task",
          "AbortHandle.abort"
        ],
        [
          "/deps/tokio/task",
          "AbortHandle.id"
        ],
        [
          "/deps/tokio/task",
          "AbortHandle.is_finished"
        ],
        [
          "/deps/tokio/task",
          "Id"
        ],
        [
          "/deps/tokio/task",
          "JoinError"
        ],
        [
          "/deps/tokio/task",
          "JoinError.id"
        ],
        [
          "/deps/tokio/task",
          "JoinError.is_cancelled"
        ],
        [
          "/deps/tokio/task",
          "JoinError.is_panic"
        ],
        [
          "/deps/tokio/task",
          "LocalEnterGuard"
        ],
        [
          "/deps/tokio/task",
          "LocalSet"
        ],
        [
          "/deps/tokio/task",
          "LocalSet.block_on"
        ],
        [
          "/deps/tokio/task",
          "LocalSet.enter"
        ],
        [
          "/deps/tokio/task",
          "LocalSet.run_until"
        ],
        [
          "/deps/tokio/task",
          "LocalSet.spawn_local"
        ],
        [
          "/deps/tokio/task",
          "id"
        ],
        [
          "/deps/tokio/task",
          "spawn_local"
        ],
        [
          "/deps/tokio/task",
          "try_id"
        ],
        [
          "/deps/tokio/task",
          "yield_now"
        ],
        [
          "/deps/tokio/task/aborthandle",
          "clone"
        ],
        [
          "/deps/tokio/task/aborthandle",
          "drop"
        ],
        [
          "/deps/tokio/task/coop",
          "RestoreOnPending"
        ],
        [
          "/deps/tokio/task/coop",
          "RestoreOnPending.made_progress"
        ],
        [
          "/deps/tokio/task/coop",
          "consume_budget"
        ],
        [
          "/deps/tokio/task/coop",
          "cooperative"
        ],
        [
          "/deps/tokio/task/coop",
          "has_budget_remaining"
        ],
        [
          "/deps/tokio/task/coop",
          "unconstrained"
        ],
        [
          "/deps/tokio/task/coop/restoreonpending",
          "drop"
        ],
        [
          "/deps/tokio/task/id",
          "clone"
        ],
        [
          "/deps/tokio/task/id",
          "eq"
        ],
        [
          "/deps/tokio/task/joinerror",
          "from"
        ],
        [
          "/deps/tokio/task/localenterguard",
          "drop"
        ],
        [
          "/deps/tokio/task/localset",
          "drop"
        ],
        [
          "/deps/tokio/task/task-local",
          "AccessError"
        ]
      ]
    }
  ],
  "removed": [],
  "cache_identity": "7b9ea0bd292a9772cd03c55222fe9dc84bcf45a694fce64cd3308c240068892d",
  "source": "Local",
  "rustdoc_format": 57,
  "projection_schema": "63",
  "content_hash": "2e8b8e09bbe0d230093ada88e75a5bcfe855af3b170068895a6e8a11798e7e16",
  "resolution": {
    "outcome": "LocalRustdoc",
    "events": [
      {
        "source": "BundledArtifact",
        "status": "Skipped",
        "reason": "bundled projection distribution is deliberately deferred until Terrane has a release artifact channel"
      },
      {
        "source": "PublishedArtifact",
        "status": "Skipped",
        "reason": "`TERRANE_PROJECTION_ARTIFACT_URL` is not configured"
      },
      {
        "source": "LocalRustdoc",
        "status": "Generated",
        "reason": "no reusable exact artifact was available; generated with the pinned local rustdoc toolchain"
      }
    ]
  }
}
